
Microsoft Visual Studio Solution File, Format Version 12.00
# Visual Studio Version 16
VisualStudioVersion = 16.0.31515.178
MinimumVisualStudioVersion = 10.0.40219.1
Project("{FAE04EC0-301F-11D3-BF4B-00C04F79EFBC}") = "kolos2-mb", "kolos2-mb\kolos2-mb.csproj", "{F978AF50-BFD2-475A-A409-2E6F75B85C48}"
EndProject
Global
	GlobalSection(SolutionConfigurationPlatforms) = preSolution
		Debug|Any CPU = Debug|Any CPU
		Release|Any CPU = Release|Any CPU
	EndGlobalSection
	GlobalSection(ProjectConfigurationPlatforms) = postSolution
		{F978AF50-BFD2-475A-A409-2E6F75B85C48}.Debug|Any CPU.ActiveCfg = Debug|Any CPU
		{F978AF50-BFD2-475A-A409-2E6F75B85C48}.Debug|Any CPU.Build.0 = Debug|Any CPU
		{F978AF50-BFD2-475A-A409-2E6F75B85C48}.Release|Any CPU.ActiveCfg = Release|Any CPU
		{F978AF50-BFD2-475A-A409-2E6F75B85C48}.Release|Any CPU.Build.0 = Release|Any CPU
	EndGlobalSection
	GlobalSection(SolutionProperties) = preSolution
		HideSolutionNode = FALSE
	EndGlobalSection
	GlobalSection(ExtensibilityGlobals) = postSolution
		SolutionGuid = {42248A30-80A1-4E41-9B50-24143BBEDBBE}
	EndGlobalSection
EndGlobal
